
Microsoft Visual Studio Solution File, Format Version 12.00
# Visual Studio Version 16
VisualStudioVersion = 16.0.32929.386
MinimumVisualStudioVersion = 10.0.40219.1
Project("{9A19103F-16F7-4668-BE54-9A1E7A4F7556}") = "StudentTaskScheduler", "StudentTaskScheduler\StudentTaskScheduler.csproj", "{672F1F41-0C79-439A-887F-895BA0BD0F3C}"
EndProject
Project("{9A19103F-16F7-4668-BE54-9A1E7A4F7556}") = "StudentTaskScheduler.BL", "StudentTaskScheduler.BL\StudentTaskScheduler.BL.csproj", "{0AD06436-6A2B-4F78-8D07-F53885BCEB65}"
EndProject
Project("{9A19103F-16F7-4668-BE54-9A1E7A4F7556}") = "StudentTaskScheduler.DAL", "StudentTaskScheduler.DAL\StudentTaskScheduler.DAL.csproj", "{6BA4B6FC-1ECD-4732-8C58-2F8F4717481A}"
EndProject
Global
	GlobalSection(SolutionConfigurationPlatforms) = preSolution
		Debug|Any CPU = Debug|Any CPU
		Release|Any CPU = Release|Any CPU
	EndGlobalSection
	GlobalSection(ProjectConfigurationPlatforms) = postSolution
		{672F1F41-0C79-439A-887F-895BA0BD0F3C}.Debug|Any CPU.ActiveCfg = Debug|Any CPU
		{672F1F41-0C79-439A-887F-895BA0BD0F3C}.Debug|Any CPU.Build.0 = Debug|Any CPU
		{672F1F41-0C79-439A-887F-895BA0BD0F3C}.Release|Any CPU.ActiveCfg = Release|Any CPU
		{672F1F41-0C79-439A-887F-895BA0BD0F3C}.Release|Any CPU.Build.0 = Release|Any CPU
		{0AD06436-6A2B-4F78-8D07-F53885BCEB65}.Debug|Any CPU.ActiveCfg = Debug|Any CPU
		{0AD06436-6A2B-4F78-8D07-F53885BCEB65}.Debug|Any CPU.Build.0 = Debug|Any CPU
		{0AD06436-6A2B-4F78-8D07-F53885BCEB65}.Release|Any CPU.ActiveCfg = Release|Any CPU
		{0AD06436-6A2B-4F78-8D07-F53885BCEB65}.Release|Any CPU.Build.0 = Release|Any CPU
		{6BA4B6FC-1ECD-4732-8C58-2F8F4717481A}.Debug|Any CPU.ActiveCfg = Debug|Any CPU
		{6BA4B6FC-1ECD-4732-8C58-2F8F4717481A}.Debug|Any CPU.Build.0 = Debug|Any CPU
		{6BA4B6FC-1ECD-4732-8C58-2F8F4717481A}.Release|Any CPU.ActiveCfg = Release|Any CPU
		{6BA4B6FC-1ECD-4732-8C58-2F8F4717481A}.Release|Any CPU.Build.0 = Release|Any CPU
	EndGlobalSection
	GlobalSection(SolutionProperties) = preSolution
		HideSolutionNode = FALSE
	EndGlobalSection
	GlobalSection(ExtensibilityGlobals) = postSolution
		SolutionGuid = {29823D24-9497-492E-AB3C-0BD20F35DA98}
	EndGlobalSection
EndGlobal
